
Microsoft Visual Studio Solution File, Format Version 12.00
# Visual Studio 15
VisualStudioVersion = 15.0.26222.1
MinimumVisualStudioVersion = 10.0.40219.1
Project("{FAE04EC0-301F-11D3-BF4B-00C04F79EFBC}") = "EntityFramework_7048", "EntityFramework_7048\EntityFramework_7048.csproj", "{06A867D6-130D-4BB1-926A-7A28D61FB385}"
EndProject
Global
	GlobalSection(SolutionConfigurationPlatforms) = preSolution
		Debug|Any CPU = Debug|Any CPU
		Release|Any CPU = Release|Any CPU
	EndGlobalSection
	GlobalSection(ProjectConfigurationPlatforms) = postSolution
		{06A867D6-130D-4BB1-926A-7A28D61FB385}.Debug|Any CPU.ActiveCfg = Debug|Any CPU
		{06A867D6-130D-4BB1-926A-7A28D61FB385}.Debug|Any CPU.Build.0 = Debug|Any CPU
		{06A867D6-130D-4BB1-926A-7A28D61FB385}.Release|Any CPU.ActiveCfg = Release|Any CPU
		{06A867D6-130D-4BB1-926A-7A28D61FB385}.Release|Any CPU.Build.0 = Release|Any CPU
	EndGlobalSection
	GlobalSection(SolutionProperties) = preSolution
		HideSolutionNode = FALSE
	EndGlobalSection
EndGlobal
